
Microsoft Visual Studio Solution File, Format Version 12.00
# Visual Studio Version 16
VisualStudioVersion = 25.0.1706.8
MinimumVisualStudioVersion = 10.0.40219.1
Project("{FAE04EC0-301F-11D3-BF4B-00C04F79EFBC}") = "palindrome_number", "palindrome_number.csproj", "{614B17E9-78EF-4A59-A800-C8C85608E72B}"
EndProject
Global
	GlobalSection(SolutionConfigurationPlatforms) = preSolution
		Debug|Any CPU = Debug|Any CPU
		Release|Any CPU = Release|Any CPU
	EndGlobalSection
	GlobalSection(ProjectConfigurationPlatforms) = postSolution
		{614B17E9-78EF-4A59-A800-C8C85608E72B}.Debug|Any CPU.ActiveCfg = Debug|Any CPU
		{614B17E9-78EF-4A59-A800-C8C85608E72B}.Debug|Any CPU.Build.0 = Debug|Any CPU
		{614B17E9-78EF-4A59-A800-C8C85608E72B}.Release|Any CPU.ActiveCfg = Release|Any CPU
		{614B17E9-78EF-4A59-A800-C8C85608E72B}.Release|Any CPU.Build.0 = Release|Any CPU
	EndGlobalSection
	GlobalSection(SolutionProperties) = preSolution
		HideSolutionNode = FALSE
	EndGlobalSection
	GlobalSection(ExtensibilityGlobals) = postSolution
		SolutionGuid = {11ADA674-327E-4589-8B81-C7248BA85AAB}
	EndGlobalSection
EndGlobal
