
Microsoft Visual Studio Solution File, Format Version 12.00
# Visual Studio Version 16
VisualStudioVersion = 25.0.1706.8
MinimumVisualStudioVersion = 10.0.40219.1
Project("{FAE04EC0-301F-11D3-BF4B-00C04F79EFBC}") = "longest_string_without_repeat", "longest_string_without_repeat.csproj", "{AE85D630-957A-482E-89A8-92EF8AB2F111}"
EndProject
Global
	GlobalSection(SolutionConfigurationPlatforms) = preSolution
		Debug|Any CPU = Debug|Any CPU
		Release|Any CPU = Release|Any CPU
	EndGlobalSection
	GlobalSection(ProjectConfigurationPlatforms) = postSolution
		{AE85D630-957A-482E-89A8-92EF8AB2F111}.Debug|Any CPU.ActiveCfg = Debug|Any CPU
		{AE85D630-957A-482E-89A8-92EF8AB2F111}.Debug|Any CPU.Build.0 = Debug|Any CPU
		{AE85D630-957A-482E-89A8-92EF8AB2F111}.Release|Any CPU.ActiveCfg = Release|Any CPU
		{AE85D630-957A-482E-89A8-92EF8AB2F111}.Release|Any CPU.Build.0 = Release|Any CPU
	EndGlobalSection
	GlobalSection(SolutionProperties) = preSolution
		HideSolutionNode = FALSE
	EndGlobalSection
	GlobalSection(ExtensibilityGlobals) = postSolution
		SolutionGuid = {47558425-613C-42E9-923C-15FAF10FA13F}
	EndGlobalSection
EndGlobal
