
Microsoft Visual Studio Solution File, Format Version 12.00
# Visual Studio Version 16
VisualStudioVersion = 25.0.1706.8
MinimumVisualStudioVersion = 10.0.40219.1
Project("{FAE04EC0-301F-11D3-BF4B-00C04F79EFBC}") = "longest_common_prefix", "longest_common_prefix.csproj", "{B4FD1E05-0E19-49EB-88CC-DEFAFE628FF7}"
EndProject
Global
	GlobalSection(SolutionConfigurationPlatforms) = preSolution
		Debug|Any CPU = Debug|Any CPU
		Release|Any CPU = Release|Any CPU
	EndGlobalSection
	GlobalSection(ProjectConfigurationPlatforms) = postSolution
		{B4FD1E05-0E19-49EB-88CC-DEFAFE628FF7}.Debug|Any CPU.ActiveCfg = Debug|Any CPU
		{B4FD1E05-0E19-49EB-88CC-DEFAFE628FF7}.Debug|Any CPU.Build.0 = Debug|Any CPU
		{B4FD1E05-0E19-49EB-88CC-DEFAFE628FF7}.Release|Any CPU.ActiveCfg = Release|Any CPU
		{B4FD1E05-0E19-49EB-88CC-DEFAFE628FF7}.Release|Any CPU.Build.0 = Release|Any CPU
	EndGlobalSection
	GlobalSection(SolutionProperties) = preSolution
		HideSolutionNode = FALSE
	EndGlobalSection
	GlobalSection(ExtensibilityGlobals) = postSolution
		SolutionGuid = {BE8B1B36-9DBF-4076-BAA7-16EA141E5505}
	EndGlobalSection
EndGlobal
